
Microsoft Visual Studio Solution File, Format Version 12.00
# Visual Studio Version 17
VisualStudioVersion = 17.0.31903.59
MinimumVisualStudioVersion = 10.0.40219.1
Project("{2150E333-8FDC-42A3-9474-1A3956D46DE8}") = "src", "src", "{827E0CD3-B72D-47B6-A68D-7590B98EB39B}"
EndProject
Project("{FAE04EC0-301F-11D3-BF4B-00C04F79EFBC}") = "HvCtl.Core", "src\HvCtl.Core\HvCtl.Core.csproj", "{D55874FA-263D-4E23-95C1-0DB1013B156B}"
EndProject
Project("{FAE04EC0-301F-11D3-BF4B-00C04F79EFBC}") = "HvCtl.Infrastructure", "src\HvCtl.Infrastructure\HvCtl.Infrastructure.csproj", "{5D8561D0-A4EE-4E0C-86D2-38F82AC70E12}"
EndProject
Project("{FAE04EC0-301F-11D3-BF4B-00C04F79EFBC}") = "HvCtl.Console", "src\HvCtl.Console\HvCtl.Console.csproj", "{F7257881-1AE0-4717-BCCF-8CCAD9EDFF2D}"
EndProject
Project("{2150E333-8FDC-42A3-9474-1A3956D46DE8}") = "tests", "tests", "{0AB3BF05-4346-4AA6-1389-037BE0695223}"
EndProject
Project("{FAE04EC0-301F-11D3-BF4B-00C04F79EFBC}") = "HvCtl.Core.Tests", "tests\HvCtl.Core.Tests\HvCtl.Core.Tests.csproj", "{EB6BB01D-9B67-4E30-AC37-8931939FE564}"
EndProject
Project("{FAE04EC0-301F-11D3-BF4B-00C04F79EFBC}") = "HvCtl.Infrastructure.Tests", "tests\HvCtl.Infrastructure.Tests\HvCtl.Infrastructure.Tests.csproj", "{76B6B9F9-1DA7-44EF-AF9F-ABCC39FBC33C}"
EndProject
Project("{FAE04EC0-301F-11D3-BF4B-00C04F79EFBC}") = "HvCtl.Console.Tests", "tests\HvCtl.Console.Tests\HvCtl.Console.Tests.csproj", "{6580854C-0BBD-4BA5-BC29-9B7EB258855F}"
EndProject
Global
	GlobalSection(SolutionConfigurationPlatforms) = preSolution
		Debug|Any CPU = Debug|Any CPU
		Debug|x64 = Debug|x64
		Debug|x86 = Debug|x86
		Release|Any CPU = Release|Any CPU
		Release|x64 = Release|x64
		Release|x86 = Release|x86
	EndGlobalSection
	GlobalSection(ProjectConfigurationPlatforms) = postSolution
		{D55874FA-263D-4E23-95C1-0DB1013B156B}.Debug|Any CPU.ActiveCfg = Debug|Any CPU
		{D55874FA-263D-4E23-95C1-0DB1013B156B}.Debug|Any CPU.Build.0 = Debug|Any CPU
		{D55874FA-263D-4E23-95C1-0DB1013B156B}.Debug|x64.ActiveCfg = Debug|Any CPU
		{D55874FA-263D-4E23-95C1-0DB1013B156B}.Debug|x64.Build.0 = Debug|Any CPU
		{D55874FA-263D-4E23-95C1-0DB1013B156B}.Debug|x86.ActiveCfg = Debug|Any CPU
		{D55874FA-263D-4E23-95C1-0DB1013B156B}.Debug|x86.Build.0 = Debug|Any CPU
		{D55874FA-263D-4E23-95C1-0DB1013B156B}.Release|Any CPU.ActiveCfg = Release|Any CPU
		{D55874FA-263D-4E23-95C1-0DB1013B156B}.Release|Any CPU.Build.0 = Release|Any CPU
		{D55874FA-263D-4E23-95C1-0DB1013B156B}.Release|x64.ActiveCfg = Release|Any CPU
		{D55874FA-263D-4E23-95C1-0DB1013B156B}.Release|x64.Build.0 = Release|Any CPU
		{D55874FA-263D-4E23-95C1-0DB1013B156B}.Release|x86.ActiveCfg = Release|Any CPU
		{D55874FA-263D-4E23-95C1-0DB1013B156B}.Release|x86.Build.0 = Release|Any CPU
		{5D8561D0-A4EE-4E0C-86D2-38F82AC70E12}.Debug|Any CPU.ActiveCfg = Debug|Any CPU
		{5D8561D0-A4EE-4E0C-86D2-38F82AC70E12}.Debug|Any CPU.Build.0 = Debug|Any CPU
		{5D8561D0-A4EE-4E0C-86D2-38F82AC70E12}.Debug|x64.ActiveCfg = Debug|Any CPU
		{5D8561D0-A4EE-4E0C-86D2-38F82AC70E12}.Debug|x64.Build.0 = Debug|Any CPU
		{5D8561D0-A4EE-4E0C-86D2-38F82AC70E12}.Debug|x86.ActiveCfg = Debug|Any CPU
		{5D8561D0-A4EE-4E0C-86D2-38F82AC70E12}.Debug|x86.Build.0 = Debug|Any CPU
		{5D8561D0-A4EE-4E0C-86D2-38F82AC70E12}.Release|Any CPU.ActiveCfg = Release|Any CPU
		{5D8561D0-A4EE-4E0C-86D2-38F82AC70E12}.Release|Any CPU.Build.0 = Release|Any CPU
		{5D8561D0-A4EE-4E0C-86D2-38F82AC70E12}.Release|x64.ActiveCfg = Release|Any CPU
		{5D8561D0-A4EE-4E0C-86D2-38F82AC70E12}.Release|x64.Build.0 = Release|Any CPU
		{5D8561D0-A4EE-4E0C-86D2-38F82AC70E12}.Release|x86.ActiveCfg = Release|Any CPU
		{5D8561D0-A4EE-4E0C-86D2-38F82AC70E12}.Release|x86.Build.0 = Release|Any CPU
		{F7257881-1AE0-4717-BCCF-8CCAD9EDFF2D}.Debug|Any CPU.ActiveCfg = Debug|Any CPU
		{F7257881-1AE0-4717-BCCF-8CCAD9EDFF2D}.Debug|Any CPU.Build.0 = Debug|Any CPU
		{F7257881-1AE0-4717-BCCF-8CCAD9EDFF2D}.Debug|x64.ActiveCfg = Debug|Any CPU
		{F7257881-1AE0-4717-BCCF-8CCAD9EDFF2D}.Debug|x64.Build.0 = Debug|Any CPU
		{F7257881-1AE0-4717-BCCF-8CCAD9EDFF2D}.Debug|x86.ActiveCfg = Debug|Any CPU
		{F7257881-1AE0-4717-BCCF-8CCAD9EDFF2D}.Debug|x86.Build.0 = Debug|Any CPU
		{F7257881-1AE0-4717-BCCF-8CCAD9EDFF2D}.Release|Any CPU.ActiveCfg = Release|Any CPU
		{F7257881-1AE0-4717-BCCF-8CCAD9EDFF2D}.Release|Any CPU.Build.0 = Release|Any CPU
		{F7257881-1AE0-4717-BCCF-8CCAD9EDFF2D}.Release|x64.ActiveCfg = Release|Any CPU
		{F7257881-1AE0-4717-BCCF-8CCAD9EDFF2D}.Release|x64.Build.0 = Release|Any CPU
		{F7257881-1AE0-4717-BCCF-8CCAD9EDFF2D}.Release|x86.ActiveCfg = Release|Any CPU
		{F7257881-1AE0-4717-BCCF-8CCAD9EDFF2D}.Release|x86.Build.0 = Release|Any CPU
		{EB6BB01D-9B67-4E30-AC37-8931939FE564}.Debug|Any CPU.ActiveCfg = Debug|Any CPU
		{EB6BB01D-9B67-4E30-AC37-8931939FE564}.Debug|Any CPU.Build.0 = Debug|Any CPU
		{EB6BB01D-9B67-4E30-AC37-8931939FE564}.Debug|x64.ActiveCfg = Debug|Any CPU
		{EB6BB01D-9B67-4E30-AC37-8931939FE564}.Debug|x64.Build.0 = Debug|Any CPU
		{EB6BB01D-9B67-4E30-AC37-8931939FE564}.Debug|x86.ActiveCfg = Debug|Any CPU
		{EB6BB01D-9B67-4E30-AC37-8931939FE564}.Debug|x86.Build.0 = Debug|Any CPU
		{EB6BB01D-9B67-4E30-AC37-8931939FE564}.Release|Any CPU.ActiveCfg = Release|Any CPU
		{EB6BB01D-9B67-4E30-AC37-8931939FE564}.Release|Any CPU.Build.0 = Release|Any CPU
		{EB6BB01D-9B67-4E30-AC37-8931939FE564}.Release|x64.ActiveCfg = Release|Any CPU
		{EB6BB01D-9B67-4E30-AC37-8931939FE564}.Release|x64.Build.0 = Release|Any CPU
		{EB6BB01D-9B67-4E30-AC37-8931939FE564}.Release|x86.ActiveCfg = Release|Any CPU
		{EB6BB01D-9B67-4E30-AC37-8931939FE564}.Release|x86.Build.0 = Release|Any CPU
		{76B6B9F9-1DA7-44EF-AF9F-ABCC39FBC33C}.Debug|Any CPU.ActiveCfg = Debug|Any CPU
		{76B6B9F9-1DA7-44EF-AF9F-ABCC39FBC33C}.Debug|Any CPU.Build.0 = Debug|Any CPU
		{76B6B9F9-1DA7-44EF-AF9F-ABCC39FBC33C}.Debug|x64.ActiveCfg = Debug|Any CPU
		{76B6B9F9-1DA7-44EF-AF9F-ABCC39FBC33C}.Debug|x64.Build.0 = Debug|Any CPU
		{76B6B9F9-1DA7-44EF-AF9F-ABCC39FBC33C}.Debug|x86.ActiveCfg = Debug|Any CPU
		{76B6B9F9-1DA7-44EF-AF9F-ABCC39FBC33C}.Debug|x86.Build.0 = Debug|Any CPU
		{76B6B9F9-1DA7-44EF-AF9F-ABCC39FBC33C}.Release|Any CPU.ActiveCfg = Release|Any CPU
		{76B6B9F9-1DA7-44EF-AF9F-ABCC39FBC33C}.Release|Any CPU.Build.0 = Release|Any CPU
		{76B6B9F9-1DA7-44EF-AF9F-ABCC39FBC33C}.Release|x64.ActiveCfg = Release|Any CPU
		{76B6B9F9-1DA7-44EF-AF9F-ABCC39FBC33C}.Release|x64.Build.0 = Release|Any CPU
		{76B6B9F9-1DA7-44EF-AF9F-ABCC39FBC33C}.Release|x86.ActiveCfg = Release|Any CPU
		{76B6B9F9-1DA7-44EF-AF9F-ABCC39FBC33C}.Release|x86.Build.0 = Release|Any CPU
		{6580854C-0BBD-4BA5-BC29-9B7EB258855F}.Debug|Any CPU.ActiveCfg = Debug|Any CPU
		{6580854C-0BBD-4BA5-BC29-9B7EB258855F}.Debug|Any CPU.Build.0 = Debug|Any CPU
		{6580854C-0BBD-4BA5-BC29-9B7EB258855F}.Debug|x64.ActiveCfg = Debug|Any CPU
		{6580854C-0BBD-4BA5-BC29-9B7EB258855F}.Debug|x64.Build.0 = Debug|Any CPU
		{6580854C-0BBD-4BA5-BC29-9B7EB258855F}.Debug|x86.ActiveCfg = Debug|Any CPU
		{6580854C-0BBD-4BA5-BC29-9B7EB258855F}.Debug|x86.Build.0 = Debug|Any CPU
		{6580854C-0BBD-4BA5-BC29-9B7EB258855F}.Release|Any CPU.ActiveCfg = Release|Any CPU
		{6580854C-0BBD-4BA5-BC29-9B7EB258855F}.Release|Any CPU.Build.0 = Release|Any CPU
		{6580854C-0BBD-4BA5-BC29-9B7EB258855F}.Release|x64.ActiveCfg = Release|Any CPU
		{6580854C-0BBD-4BA5-BC29-9B7EB258855F}.Release|x64.Build.0 = Release|Any CPU
		{6580854C-0BBD-4BA5-BC29-9B7EB258855F}.Release|x86.ActiveCfg = Release|Any CPU
		{6580854C-0BBD-4BA5-BC29-9B7EB258855F}.Release|x86.Build.0 = Release|Any CPU
	EndGlobalSection
	GlobalSection(SolutionProperties) = preSolution
		HideSolutionNode = FALSE
	EndGlobalSection
	GlobalSection(NestedProjects) = preSolution
		{D55874FA-263D-4E23-95C1-0DB1013B156B} = {827E0CD3-B72D-47B6-A68D-7590B98EB39B}
		{5D8561D0-A4EE-4E0C-86D2-38F82AC70E12} = {827E0CD3-B72D-47B6-A68D-7590B98EB39B}
		{F7257881-1AE0-4717-BCCF-8CCAD9EDFF2D} = {827E0CD3-B72D-47B6-A68D-7590B98EB39B}
		{EB6BB01D-9B67-4E30-AC37-8931939FE564} = {0AB3BF05-4346-4AA6-1389-037BE0695223}
		{76B6B9F9-1DA7-44EF-AF9F-ABCC39FBC33C} = {0AB3BF05-4346-4AA6-1389-037BE0695223}
		{6580854C-0BBD-4BA5-BC29-9B7EB258855F} = {0AB3BF05-4346-4AA6-1389-037BE0695223}
	EndGlobalSection
EndGlobal
